
Microsoft Visual Studio Solution File, Format Version 12.00
# Visual Studio 14
VisualStudioVersion = 14.0.25420.1
MinimumVisualStudioVersion = 10.0.40219.1
Project("{2150E333-8FDC-42A3-9474-1A3956D46DE8}") = "Common", "Common", "{F5C4D418-243E-434E-9E4B-E0E5AEFA46C4}"
EndProject
Project("{2150E333-8FDC-42A3-9474-1A3956D46DE8}") = "DataLayer", "DataLayer", "{6C03EF31-75BB-4EDD-903E-7079E704A510}"
EndProject
Project("{2150E333-8FDC-42A3-9474-1A3956D46DE8}") = "Domain", "Domain", "{79927083-AECC-4D51-82AD-6E08051283A2}"
EndProject
Project("{2150E333-8FDC-42A3-9474-1A3956D46DE8}") = "UI", "UI", "{5755F5D9-2079-4B9B-B616-B7813175AB89}"
EndProject
Project("{2150E333-8FDC-42A3-9474-1A3956D46DE8}") = "Resources", "Resources", "{973E9D83-E97A-40D8-82FA-A8B0F9AEEEBE}"
EndProject
Project("{FAE04EC0-301F-11D3-BF4B-00C04F79EFBC}") = "Common", "Common\Common.csproj", "{B38DB7B4-CA1E-4762-B038-DB82D0E3EE3A}"
EndProject
Project("{FAE04EC0-301F-11D3-BF4B-00C04F79EFBC}") = "DataLayer", "DataLayer\DataLayer.csproj", "{3AEB3071-AFD0-4E36-BDA9-F29B2C934C42}"
EndProject
Project("{FAE04EC0-301F-11D3-BF4B-00C04F79EFBC}") = "Models", "DomainMelody\Models.csproj", "{2CE3CF72-F5F8-42C7-8651-F93A2E6D8D2E}"
EndProject
Project("{FAE04EC0-301F-11D3-BF4B-00C04F79EFBC}") = "Resources", "Resources\Resources.csproj", "{031FE769-7BB8-4C61-B381-1F9CEEC2734C}"
EndProject
Project("{FAE04EC0-301F-11D3-BF4B-00C04F79EFBC}") = "Melody", "Melody\Melody.csproj", "{5262311A-E829-4CE1-926A-DE3E96757768}"
	ProjectSection(ProjectDependencies) = postProject
		{031FE769-7BB8-4C61-B381-1F9CEEC2734C} = {031FE769-7BB8-4C61-B381-1F9CEEC2734C}
		{3AEB3071-AFD0-4E36-BDA9-F29B2C934C42} = {3AEB3071-AFD0-4E36-BDA9-F29B2C934C42}
		{2CE3CF72-F5F8-42C7-8651-F93A2E6D8D2E} = {2CE3CF72-F5F8-42C7-8651-F93A2E6D8D2E}
		{B38DB7B4-CA1E-4762-B038-DB82D0E3EE3A} = {B38DB7B4-CA1E-4762-B038-DB82D0E3EE3A}
	EndProjectSection
EndProject
Global
	GlobalSection(SolutionConfigurationPlatforms) = preSolution
		Debug|Any CPU = Debug|Any CPU
		Release|Any CPU = Release|Any CPU
	EndGlobalSection
	GlobalSection(ProjectConfigurationPlatforms) = postSolution
		{B38DB7B4-CA1E-4762-B038-DB82D0E3EE3A}.Debug|Any CPU.ActiveCfg = Debug|Any CPU
		{B38DB7B4-CA1E-4762-B038-DB82D0E3EE3A}.Debug|Any CPU.Build.0 = Debug|Any CPU
		{B38DB7B4-CA1E-4762-B038-DB82D0E3EE3A}.Release|Any CPU.ActiveCfg = Release|Any CPU
		{B38DB7B4-CA1E-4762-B038-DB82D0E3EE3A}.Release|Any CPU.Build.0 = Release|Any CPU
		{3AEB3071-AFD0-4E36-BDA9-F29B2C934C42}.Debug|Any CPU.ActiveCfg = Debug|Any CPU
		{3AEB3071-AFD0-4E36-BDA9-F29B2C934C42}.Debug|Any CPU.Build.0 = Debug|Any CPU
		{3AEB3071-AFD0-4E36-BDA9-F29B2C934C42}.Release|Any CPU.ActiveCfg = Release|Any CPU
		{3AEB3071-AFD0-4E36-BDA9-F29B2C934C42}.Release|Any CPU.Build.0 = Release|Any CPU
		{2CE3CF72-F5F8-42C7-8651-F93A2E6D8D2E}.Debug|Any CPU.ActiveCfg = Debug|Any CPU
		{2CE3CF72-F5F8-42C7-8651-F93A2E6D8D2E}.Debug|Any CPU.Build.0 = Debug|Any CPU
		{2CE3CF72-F5F8-42C7-8651-F93A2E6D8D2E}.Release|Any CPU.ActiveCfg = Release|Any CPU
		{2CE3CF72-F5F8-42C7-8651-F93A2E6D8D2E}.Release|Any CPU.Build.0 = Release|Any CPU
		{031FE769-7BB8-4C61-B381-1F9CEEC2734C}.Debug|Any CPU.ActiveCfg = Debug|Any CPU
		{031FE769-7BB8-4C61-B381-1F9CEEC2734C}.Debug|Any CPU.Build.0 = Debug|Any CPU
		{031FE769-7BB8-4C61-B381-1F9CEEC2734C}.Release|Any CPU.ActiveCfg = Release|Any CPU
		{031FE769-7BB8-4C61-B381-1F9CEEC2734C}.Release|Any CPU.Build.0 = Release|Any CPU
		{5262311A-E829-4CE1-926A-DE3E96757768}.Debug|Any CPU.ActiveCfg = Debug|Any CPU
		{5262311A-E829-4CE1-926A-DE3E96757768}.Debug|Any CPU.Build.0 = Debug|Any CPU
		{5262311A-E829-4CE1-926A-DE3E96757768}.Release|Any CPU.ActiveCfg = Release|Any CPU
		{5262311A-E829-4CE1-926A-DE3E96757768}.Release|Any CPU.Build.0 = Release|Any CPU
	EndGlobalSection
	GlobalSection(SolutionProperties) = preSolution
		HideSolutionNode = FALSE
	EndGlobalSection
	GlobalSection(NestedProjects) = preSolution
		{B38DB7B4-CA1E-4762-B038-DB82D0E3EE3A} = {F5C4D418-243E-434E-9E4B-E0E5AEFA46C4}
		{3AEB3071-AFD0-4E36-BDA9-F29B2C934C42} = {6C03EF31-75BB-4EDD-903E-7079E704A510}
		{2CE3CF72-F5F8-42C7-8651-F93A2E6D8D2E} = {79927083-AECC-4D51-82AD-6E08051283A2}
		{031FE769-7BB8-4C61-B381-1F9CEEC2734C} = {973E9D83-E97A-40D8-82FA-A8B0F9AEEEBE}
		{5262311A-E829-4CE1-926A-DE3E96757768} = {5755F5D9-2079-4B9B-B616-B7813175AB89}
	EndGlobalSection
EndGlobal
